
Microsoft Visual Studio Solution File, Format Version 11.00
# Visual C# Express 2010
Project("{FAE04EC0-301F-11D3-BF4B-00C04F79EFBC}") = "Bugs", "Bugs\Bugs\Bugs.csproj", "{8FE6018F-DC72-46B9-8F08-FEF65970027C}"
EndProject
Project("{96E2B04D-8817-42C6-938A-82C39BA4D311}") = "BugsContent", "Bugs\BugsContent\BugsContent.contentproj", "{FA9D2427-3E2A-4C02-9D6C-25ECFCCA831F}"
EndProject
Global
	GlobalSection(SolutionConfigurationPlatforms) = preSolution
		Debug|x86 = Debug|x86
		Release|x86 = Release|x86
	EndGlobalSection
	GlobalSection(ProjectConfigurationPlatforms) = postSolution
		{8FE6018F-DC72-46B9-8F08-FEF65970027C}.Debug|x86.ActiveCfg = Debug|x86
		{8FE6018F-DC72-46B9-8F08-FEF65970027C}.Debug|x86.Build.0 = Debug|x86
		{8FE6018F-DC72-46B9-8F08-FEF65970027C}.Release|x86.ActiveCfg = Release|x86
		{8FE6018F-DC72-46B9-8F08-FEF65970027C}.Release|x86.Build.0 = Release|x86
		{FA9D2427-3E2A-4C02-9D6C-25ECFCCA831F}.Debug|x86.ActiveCfg = Debug|x86
		{FA9D2427-3E2A-4C02-9D6C-25ECFCCA831F}.Release|x86.ActiveCfg = Release|x86
	EndGlobalSection
	GlobalSection(SolutionProperties) = preSolution
		HideSolutionNode = FALSE
	EndGlobalSection
EndGlobal
